# QSF Manifest Format
SIGNATURE QSFM
VERSION 1.0
KIND VIRTUAL
SOFTWARE Arbor
CREATED 2026-09-22T13:02:50Z
COUNT 58
ENTRY qsm/tree_877.qsm 877 1 269599.3029 5168584.2457 109.2654 269604.4031 5168587.9845 126.3487 tree_877
ENTRY qsm/tree_517.qsm 517 1 269598.6226 5168586.8927 109.3950 269604.0526 5168591.7037 127.0787 tree_517
ENTRY qsm/tree_516.qsm 516 1 269577.9829 5168587.3087 109.4648 269581.7542 5168591.2232 116.9607 tree_516
ENTRY qsm/tree_750.qsm 750 1 269582.8041 5168601.6740 110.1949 269584.3856 5168603.3057 117.2157 tree_750
ENTRY qsm/tree_514.qsm 514 1 269595.1836 5168589.6648 109.5206 269600.5468 5168594.0237 127.8617 tree_514
ENTRY qsm/tree_448.qsm 448 1 269588.4496 5168597.0998 110.0386 269593.7993 5168603.6969 129.7937 tree_448
ENTRY qsm/tree_524.qsm 524 1 269594.4040 5168592.4042 109.4340 269596.1718 5168594.7021 113.4846 tree_524
ENTRY qsm/tree_406.qsm 406 1 269582.4659 5168596.0517 110.1403 269588.2499 5168602.0367 129.4057 tree_406
ENTRY qsm/tree_261.qsm 261 1 269591.3466 5168582.3652 109.3169 269596.5626 5168588.2297 126.6337 tree_261
ENTRY qsm/tree_554.qsm 554 1 269597.0506 5168578.2697 109.0309 269604.9696 5168585.3787 124.8007 tree_554
ENTRY qsm/tree_259.qsm 259 1 269591.9001 5168588.6688 109.3223 269593.6313 5168590.3102 113.4787 tree_259
ENTRY qsm/tree_232.qsm 232 1 269597.3656 5168594.9299 109.5270 269599.8282 5168597.6785 114.6407 tree_232
ENTRY qsm/tree_177.qsm 177 1 269589.8237 5168598.0090 109.6732 269591.9969 5168599.7047 116.8037 tree_177
ENTRY qsm/tree_234.qsm 234 1 269581.4836 5168584.7507 109.5348 269588.4188 5168591.4207 126.3837 tree_234
ENTRY qsm/tree_175.qsm 175 1 269589.6556 5168598.9071 109.7473 269592.2945 5168600.7557 116.1667 tree_175
ENTRY qsm/tree_290.qsm 290 1 269583.4076 5168581.1991 109.1529 269588.6006 5168585.7894 118.6927 tree_290
ENTRY qsm/tree_231.qsm 231 1 269586.5723 5168599.0045 109.8815 269587.2423 5168599.7153 114.5067 tree_231
ENTRY qsm/tree_172.qsm 172 1 269595.3816 5168600.0234 109.8955 269596.2706 5168601.7356 113.9077 tree_172
ENTRY qsm/tree_165.qsm 165 1 269588.4131 5168604.5768 110.2156 269589.6896 5168605.5867 114.5967 tree_165
ENTRY qsm/tree_1077.qsm 1077 1 269594.4849 5168580.1641 108.9384 269598.9801 5168585.6091 124.3827 tree_1077
ENTRY qsm/tree_487.qsm 487 1 269582.2747 5168583.1543 109.3420 269585.8376 5168587.5420 116.1897 tree_487
ENTRY qsm/tree_15.qsm 15 1 269599.5008 5168595.4010 109.8846 269603.6546 5168601.2397 129.1137 tree_15
ENTRY qsm/tree_102.qsm 102 1 269583.5486 5168602.9267 110.1463 269585.1941 5168604.6212 114.8697 tree_102
ENTRY qsm/tree_12.qsm 12 1 269596.3092 5168596.3852 109.8060 269599.9856 5168600.4347 129.8827 tree_12
ENTRY qsm/tree_41.qsm 41 1 269595.9696 5168599.3159 110.0217 269601.4256 5168604.4587 130.0627 tree_41
ENTRY qsm/tree_99.qsm 99 1 269594.8581 5168602.3067 110.1431 269599.7070 5168605.3774 129.8767 tree_99
ENTRY qsm/tree_660.qsm 660 1 269600.3636 5168601.3557 110.1784 269607.2476 5168608.2820 130.3457 tree_660
ENTRY qsm/tree_11.qsm 11 1 269600.4728 5168593.5094 109.8103 269606.9216 5168600.5367 129.2987 tree_11
ENTRY qsm/tree_895.qsm 895 1 269595.3801 5168583.5997 109.4745 269600.6126 5168589.6015 126.0687 tree_895
ENTRY qsm/tree_659.qsm 659 1 269587.3916 5168605.2847 110.2699 269590.4567 5168607.6320 116.3627 tree_659
ENTRY qsm/tree_10.qsm 10 1 269581.5431 5168588.8680 109.8377 269587.9436 5168597.0087 129.3537 tree_10
ENTRY qsm/tree_39.qsm 39 1 269592.1326 5168594.7887 109.7449 269595.8778 5168600.3034 129.6857 tree_39
ENTRY qsm/tree_9.qsm 9 1 269593.9339 5168592.9387 109.6666 269600.4819 5168598.7422 129.9577 tree_9
ENTRY qsm/tree_215.qsm 215 1 269590.3304 5168596.1634 109.4852 269592.1428 5168597.6111 113.7967 tree_215
ENTRY qsm/tree_38.qsm 38 1 269578.1766 5168589.2282 109.8033 269583.6876 5168595.1876 126.0937 tree_38
ENTRY qsm/tree_8.qsm 8 1 269583.9999 5168589.4247 109.6856 269591.6111 5168594.5847 129.2867 tree_8
ENTRY qsm/tree_37.qsm 37 1 269590.5521 5168588.1557 109.5845 269596.1471 5168592.7677 127.2027 tree_37
ENTRY qsm/tree_95.qsm 95 1 269580.8476 5168604.3497 110.5189 269585.9261 5168609.0437 130.2817 tree_95
ENTRY qsm/tree_892.qsm 892 1 269593.4136 5168586.9687 109.4370 269598.2056 5168591.3167 126.2847 tree_892
ENTRY qsm/tree_7.qsm 7 1 269575.2176 5168577.6842 109.6230 269585.8746 5168587.2324 127.2997 tree_7
ENTRY qsm/tree_891.qsm 891 1 269581.9063 5168589.0286 109.4582 269583.7825 5168590.7950 114.0347 tree_891
ENTRY qsm/tree_6.qsm 6 1 269599.3496 5168591.1487 109.4836 269603.7756 5168596.1632 126.8817 tree_6
ENTRY qsm/tree_5.qsm 5 1 269586.7796 5168586.9607 109.5742 269592.8178 5168591.7549 129.5307 tree_5
ENTRY qsm/tree_4.qsm 4 1 269591.9598 5168591.4517 109.5092 269596.2216 5168596.1447 127.2017 tree_4
ENTRY qsm/tree_208.qsm 208 1 269600.7471 5168600.3797 109.9019 269605.5806 5168605.2493 129.2857 tree_208
ENTRY qsm/tree_149.qsm 149 1 269589.7596 5168598.9190 109.8001 269592.7266 5168601.5527 117.9907 tree_149
ENTRY qsm/tree_3.qsm 3 1 269585.9896 5168582.7347 109.3851 269591.6656 5168588.4730 124.8937 tree_3
ENTRY qsm/tree_14.qsm 14 1 269586.5396 5168591.1067 109.7991 269593.3506 5168598.3130 129.6057 tree_14
ENTRY qsm/tree_119.qsm 119 1 269585.4081 5168598.8130 110.1947 269589.7226 5168603.7697 129.7737 tree_119
ENTRY qsm/tree_1.qsm 1 1 269590.2548 5168578.7337 109.1048 269595.8018 5168583.2768 123.6797 tree_1
ENTRY qsm/tree_17.qsm 17 1 269580.9156 5168594.3777 109.9771 269584.4316 5168599.2880 128.2457 tree_17
ENTRY qsm/tree_19.qsm 19 1 269577.8226 5168595.4087 110.0519 269582.9216 5168601.0740 129.2047 tree_19
ENTRY qsm/tree_20.qsm 20 1 269592.5556 5168598.7747 110.0411 269597.3977 5168603.4075 129.6697 tree_20
ENTRY qsm/tree_21.qsm 21 1 269589.9793 5168601.9417 110.3443 269596.0576 5168607.0347 130.7667 tree_21
ENTRY qsm/tree_24.qsm 24 1 269587.6529 5168580.4752 109.1700 269594.6666 5168586.6127 125.5967 tree_24
ENTRY qsm/tree_852.qsm 852 1 269580.0090 5168585.2372 109.5261 269583.9308 5168589.5784 117.4867 tree_852
ENTRY qsm/tree_26.qsm 26 1 269601.7786 5168584.2252 109.2499 269605.6706 5168591.4547 126.7357 tree_26
ENTRY qsm/tree_147.qsm 147 1 269579.2821 5168600.1670 110.3726 269586.2869 5168605.1037 129.6137 tree_147
END
